
Microsoft Visual Studio Solution File, Format Version 12.00
# Visual Studio Version 16
VisualStudioVersion = 16.0.30225.117
MinimumVisualStudioVersion = 10.0.40219.1
Project("{F184B08F-C81C-45F6-A57F-5ABD9991F28F}") = "SunsetHills", "SunsetHills\SunsetHills.vbproj", "{9FB3A62E-1795-44BE-A6F2-94DAE3968700}"
EndProject
Global
	GlobalSection(SolutionConfigurationPlatforms) = preSolution
		Debug|Any CPU = Debug|Any CPU
		Release|Any CPU = Release|Any CPU
	EndGlobalSection
	GlobalSection(ProjectConfigurationPlatforms) = postSolution
		{9FB3A62E-1795-44BE-A6F2-94DAE3968700}.Debug|Any CPU.ActiveCfg = Debug|Any CPU
		{9FB3A62E-1795-44BE-A6F2-94DAE3968700}.Debug|Any CPU.Build.0 = Debug|Any CPU
		{9FB3A62E-1795-44BE-A6F2-94DAE3968700}.Release|Any CPU.ActiveCfg = Release|Any CPU
		{9FB3A62E-1795-44BE-A6F2-94DAE3968700}.Release|Any CPU.Build.0 = Release|Any CPU
	EndGlobalSection
	GlobalSection(SolutionProperties) = preSolution
		HideSolutionNode = FALSE
	EndGlobalSection
	GlobalSection(ExtensibilityGlobals) = postSolution
		SolutionGuid = {83972CDF-4BE6-4E5B-9C61-90ABF1B4C49D}
	EndGlobalSection
EndGlobal
